
Microsoft Visual Studio Solution File, Format Version 12.00
# Visual Studio Version 17
VisualStudioVersion = 17.8.34309.116
MinimumVisualStudioVersion = 10.0.40219.1
Project("{9A19103F-16F7-4668-BE54-9A1E7A4F7556}") = "BuildExperiments", "BuildExperiments.csproj", "{CAEFB2D2-BADA-4176-A3B9-70137B22DD16}"
EndProject
Global
	GlobalSection(SolutionConfigurationPlatforms) = preSolution
		Debug|Any CPU = Debug|Any CPU
		Release|Any CPU = Release|Any CPU
	EndGlobalSection
	GlobalSection(ProjectConfigurationPlatforms) = postSolution
		{CAEFB2D2-BADA-4176-A3B9-70137B22DD16}.Debug|Any CPU.ActiveCfg = Debug|Any CPU
		{CAEFB2D2-BADA-4176-A3B9-70137B22DD16}.Debug|Any CPU.Build.0 = Debug|Any CPU
		{CAEFB2D2-BADA-4176-A3B9-70137B22DD16}.Release|Any CPU.ActiveCfg = Release|Any CPU
		{CAEFB2D2-BADA-4176-A3B9-70137B22DD16}.Release|Any CPU.Build.0 = Release|Any CPU
	EndGlobalSection
	GlobalSection(SolutionProperties) = preSolution
		HideSolutionNode = FALSE
	EndGlobalSection
	GlobalSection(ExtensibilityGlobals) = postSolution
		SolutionGuid = {5CFAEB1B-6D2C-4F30-A136-DDA6345595AF}
	EndGlobalSection
EndGlobal
